// !$*UTF8*$!
{
	archiveVersion = 1;
	classes = {
	};
	objectVersion = 50;
	objects = {

/* Begin PBXBuildFile section */
		E9B52AFC262497DD009F5B72 /* AppDelegate.swift in Sources */ = {isa = PBXBuildFile; fileRef = E9B52AFB262497DD009F5B72 /* AppDelegate.swift */; };
		E9B52AFE262497DD009F5B72 /* SceneDelegate.swift in Sources */ = {isa = PBXBuildFile; fileRef = E9B52AFD262497DD009F5B72 /* SceneDelegate.swift */; };
		E9B52B00262497DD009F5B72 /* ViewController.swift in Sources */ = {isa = PBXBuildFile; fileRef = E9B52AFF262497DD009F5B72 /* ViewController.swift */; };
		E9B52B05262497E8009F5B72 /* Assets.xcassets in Resources */ = {isa = PBXBuildFile; fileRef = E9B52B04262497E8009F5B72 /* Assets.xcassets */; };
		E9B52B08262497E8009F5B72 /* LaunchScreen.storyboard in Resources */ = {isa = PBXBuildFile; fileRef = E9B52B06262497E8009F5B72 /* LaunchScreen.storyboard */; };
		E9B52B132624AC86009F5B72 /* LimitController.swift in Sources */ = {isa = PBXBuildFile; fileRef = E9B52B122624AC86009F5B72 /* LimitController.swift */; };
		E9B52B4626273A69009F5B72 /* suisse_intl_bold_italic.otf in Resources */ = {isa = PBXBuildFile; fileRef = E9B52B1826273A67009F5B72 /* suisse_intl_bold_italic.otf */; };
		E9B52B4726273A6A009F5B72 /* gt_america_mono_medium_italic.otf in Resources */ = {isa = PBXBuildFile; fileRef = E9B52B1926273A68009F5B72 /* gt_america_mono_medium_italic.otf */; };
		E9B52B4826273A6A009F5B72 /* shentox_thin_typeface.otf in Resources */ = {isa = PBXBuildFile; fileRef = E9B52B1A26273A68009F5B72 /* shentox_thin_typeface.otf */; };
		E9B52B4926273A6A009F5B72 /* gt_america_mono_black_italic.otf in Resources */ = {isa = PBXBuildFile; fileRef = E9B52B1B26273A68009F5B72 /* gt_america_mono_black_italic.otf */; };
		E9B52B4A26273A6A009F5B72 /* gt_america_mono_ultra_light.otf in Resources */ = {isa = PBXBuildFile; fileRef = E9B52B1C26273A68009F5B72 /* gt_america_mono_ultra_light.otf */; };
		E9B52B4B26273A6A009F5B72 /* gt_america_mono_thin.otf in Resources */ = {isa = PBXBuildFile; fileRef = E9B52B1D26273A68009F5B72 /* gt_america_mono_thin.otf */; };
		E9B52B4C26273A6A009F5B72 /* gt_america_mono_black.otf in Resources */ = {isa = PBXBuildFile; fileRef = E9B52B1E26273A68009F5B72 /* gt_america_mono_black.otf */; };
		E9B52B4D26273A6A009F5B72 /* suisse_intl_book_italic.otf in Resources */ = {isa = PBXBuildFile; fileRef = E9B52B1F26273A68009F5B72 /* suisse_intl_book_italic.otf */; };
		E9B52B4E26273A6A009F5B72 /* gt_america_mono_bold.otf in Resources */ = {isa = PBXBuildFile; fileRef = E9B52B2026273A68009F5B72 /* gt_america_mono_bold.otf */; };
		E9B52B4F26273A6A009F5B72 /* shentox_bold_typeface.otf in Resources */ = {isa = PBXBuildFile; fileRef = E9B52B2126273A68009F5B72 /* shentox_bold_typeface.otf */; };
		E9B52B5026273A6A009F5B72 /* suisse_intl_ultra_light_italic.otf in Resources */ = {isa = PBXBuildFile; fileRef = E9B52B2226273A68009F5B72 /* suisse_intl_ultra_light_italic.otf */; };
		E9B52B5126273A6A009F5B72 /* suisse_intl_black_italic.otf in Resources */ = {isa = PBXBuildFile; fileRef = E9B52B2326273A68009F5B72 /* suisse_intl_black_italic.otf */; };
		E9B52B5226273A6A009F5B72 /* gt_america_mono_ultra_light_italic.otf in Resources */ = {isa = PBXBuildFile; fileRef = E9B52B2426273A68009F5B72 /* gt_america_mono_ultra_light_italic.otf */; };
		E9B52B5326273A6A009F5B72 /* suisse_intl_regular_italic.otf in Resources */ = {isa = PBXBuildFile; fileRef = E9B52B2526273A68009F5B72 /* suisse_intl_regular_italic.otf */; };
		E9B52B5426273A6A009F5B72 /* shentox_medium_typeface.otf in Resources */ = {isa = PBXBuildFile; fileRef = E9B52B2626273A68009F5B72 /* shentox_medium_typeface.otf */; };
		E9B52B5526273A6A009F5B72 /* suisse_intl_light.otf in Resources */ = {isa = PBXBuildFile; fileRef = E9B52B2726273A68009F5B72 /* suisse_intl_light.otf */; };
		E9B52B5626273A6A009F5B72 /* shentox_regular_italic_typeface.otf in Resources */ = {isa = PBXBuildFile; fileRef = E9B52B2826273A68009F5B72 /* shentox_regular_italic_typeface.otf */; };
		E9B52B5726273A6A009F5B72 /* suisse_intl_thin_italic.otf in Resources */ = {isa = PBXBuildFile; fileRef = E9B52B2926273A68009F5B72 /* suisse_intl_thin_italic.otf */; };
		E9B52B5826273A6A009F5B72 /* shentox_ultra_light_italic_typeface.otf in Resources */ = {isa = PBXBuildFile; fileRef = E9B52B2A26273A68009F5B72 /* shentox_ultra_light_italic_typeface.otf */; };
		E9B52B5926273A6A009F5B72 /* gt_america_mono_medium.ttf in Resources */ = {isa = PBXBuildFile; fileRef = E9B52B2B26273A68009F5B72 /* gt_america_mono_medium.ttf */; };
		E9B52B5A26273A6A009F5B72 /* shentox_regular_typeface.otf in Resources */ = {isa = PBXBuildFile; fileRef = E9B52B2C26273A68009F5B72 /* shentox_regular_typeface.otf */; };
		E9B52B5B26273A6A009F5B72 /* suisse_intl_medium.ttf in Resources */ = {isa = PBXBuildFile; fileRef = E9B52B2D26273A68009F5B72 /* suisse_intl_medium.ttf */; };
		E9B52B5C26273A6A009F5B72 /* suisse_intl_black.otf in Resources */ = {isa = PBXBuildFile; fileRef = E9B52B2E26273A68009F5B72 /* suisse_intl_black.otf */; };
		E9B52B5D26273A6A009F5B72 /* suisse_intl_thin.otf in Resources */ = {isa = PBXBuildFile; fileRef = E9B52B2F26273A68009F5B72 /* suisse_intl_thin.otf */; };
		E9B52B5E26273A6A009F5B72 /* gt_america_mono_thin_italic.otf in Resources */ = {isa = PBXBuildFile; fileRef = E9B52B3026273A68009F5B72 /* gt_america_mono_thin_italic.otf */; };
		E9B52B5F26273A6A009F5B72 /* shentox_medium_italic_typeface.otf in Resources */ = {isa = PBXBuildFile; fileRef = E9B52B3126273A68009F5B72 /* shentox_medium_italic_typeface.otf */; };
		E9B52B6026273A6A009F5B72 /* shentox_semi_bold_italic_typeface.otf in Resources */ = {isa = PBXBuildFile; fileRef = E9B52B3226273A68009F5B72 /* shentox_semi_bold_italic_typeface.otf */; };
		E9B52B6126273A6A009F5B72 /* shentox_ultra_light_typeface.otf in Resources */ = {isa = PBXBuildFile; fileRef = E9B52B3326273A68009F5B72 /* shentox_ultra_light_typeface.otf */; };
		E9B52B6226273A6A009F5B72 /* gt_america_mono_light_italic.otf in Resources */ = {isa = PBXBuildFile; fileRef = E9B52B3426273A68009F5B72 /* gt_america_mono_light_italic.otf */; };
		E9B52B6326273A6A009F5B72 /* suisse_intl_book.otf in Resources */ = {isa = PBXBuildFile; fileRef = E9B52B3526273A68009F5B72 /* suisse_intl_book.otf */; };
		E9B52B6426273A6A009F5B72 /* suisse_intl_semi_bold.otf in Resources */ = {isa = PBXBuildFile; fileRef = E9B52B3626273A68009F5B72 /* suisse_intl_semi_bold.otf */; };
		E9B52B6526273A6A009F5B72 /* suisse_intl_bold.otf in Resources */ = {isa = PBXBuildFile; fileRef = E9B52B3726273A68009F5B72 /* suisse_intl_bold.otf */; };
		E9B52B6626273A6A009F5B72 /* shentox_bold_italic_typeface.otf in Resources */ = {isa = PBXBuildFile; fileRef = E9B52B3826273A68009F5B72 /* shentox_bold_italic_typeface.otf */; };
		E9B52B6726273A6A009F5B72 /* shentox_semi_bold_typeface.otf in Resources */ = {isa = PBXBuildFile; fileRef = E9B52B3926273A68009F5B72 /* shentox_semi_bold_typeface.otf */; };
		E9B52B6826273A6A009F5B72 /* shentox_light_italic_typeface.otf in Resources */ = {isa = PBXBuildFile; fileRef = E9B52B3A26273A68009F5B72 /* shentox_light_italic_typeface.otf */; };
		E9B52B6926273A6A009F5B72 /* shentox_light_typeface.otf in Resources */ = {isa = PBXBuildFile; fileRef = E9B52B3B26273A68009F5B72 /* shentox_light_typeface.otf */; };
		E9B52B6A26273A6A009F5B72 /* suisse_intl_light_italic.otf in Resources */ = {isa = PBXBuildFile; fileRef = E9B52B3C26273A68009F5B72 /* suisse_intl_light_italic.otf */; };
		E9B52B6B26273A6A009F5B72 /* gt_america_mono_regular.otf in Resources */ = {isa = PBXBuildFile; fileRef = E9B52B3D26273A68009F5B72 /* gt_america_mono_regular.otf */; };
		E9B52B6C26273A6A009F5B72 /* suisse_intl_medium_italic.otf in Resources */ = {isa = PBXBuildFile; fileRef = E9B52B3E26273A68009F5B72 /* suisse_intl_medium_italic.otf */; };
		E9B52B6D26273A6A009F5B72 /* suisse_intl_semi_bold_italic.otf in Resources */ = {isa = PBXBuildFile; fileRef = E9B52B3F26273A68009F5B72 /* suisse_intl_semi_bold_italic.otf */; };
		E9B52B6E26273A6A009F5B72 /* suisse_intl_regular.otf in Resources */ = {isa = PBXBuildFile; fileRef = E9B52B4026273A68009F5B72 /* suisse_intl_regular.otf */; };
		E9B52B6F26273A6A009F5B72 /* suisse_intl_ultra_light.otf in Resources */ = {isa = PBXBuildFile; fileRef = E9B52B4126273A68009F5B72 /* suisse_intl_ultra_light.otf */; };
		E9B52B7026273A6A009F5B72 /* shentox_thin_italic_typeface.otf in Resources */ = {isa = PBXBuildFile; fileRef = E9B52B4226273A68009F5B72 /* shentox_thin_italic_typeface.otf */; };
		E9B52B7126273A6A009F5B72 /* gt_america_mono_regular_italic.otf in Resources */ = {isa = PBXBuildFile; fileRef = E9B52B4326273A68009F5B72 /* gt_america_mono_regular_italic.otf */; };
		E9B52B7226273A6A009F5B72 /* gt_america_mono_bold_italic.otf in Resources */ = {isa = PBXBuildFile; fileRef = E9B52B4426273A68009F5B72 /* gt_america_mono_bold_italic.otf */; };
		E9B52B7326273A6A009F5B72 /* gt_america_mono_light.otf in Resources */ = {isa = PBXBuildFile; fileRef = E9B52B4526273A68009F5B72 /* gt_america_mono_light.otf */; };
		E9B52B76262891B3009F5B72 /* Extension+String.swift in Sources */ = {isa = PBXBuildFile; fileRef = E9B52B75262891B1009F5B72 /* Extension+String.swift */; };
		E9B52B86262ADA1C009F5B72 /* DeclineTransactionView.swift in Sources */ = {isa = PBXBuildFile; fileRef = E9B52B85262ADA1B009F5B72 /* DeclineTransactionView.swift */; };
/* End PBXBuildFile section */

/* Begin PBXFileReference section */
		E9B52AF8262497DD009F5B72 /* Limit.app */ = {isa = PBXFileReference; explicitFileType = wrapper.application; includeInIndex = 0; path = Limit.app; sourceTree = BUILT_PRODUCTS_DIR; };
		E9B52AFB262497DD009F5B72 /* AppDelegate.swift */ = {isa = PBXFileReference; lastKnownFileType = sourcecode.swift; path = AppDelegate.swift; sourceTree = "<group>"; };
		E9B52AFD262497DD009F5B72 /* SceneDelegate.swift */ = {isa = PBXFileReference; lastKnownFileType = sourcecode.swift; path = SceneDelegate.swift; sourceTree = "<group>"; };
		E9B52AFF262497DD009F5B72 /* ViewController.swift */ = {isa = PBXFileReference; lastKnownFileType = sourcecode.swift; path = ViewController.swift; sourceTree = "<group>"; };
		E9B52B04262497E8009F5B72 /* Assets.xcassets */ = {isa = PBXFileReference; lastKnownFileType = folder.assetcatalog; path = Assets.xcassets; sourceTree = "<group>"; };
		E9B52B07262497E8009F5B72 /* Base */ = {isa = PBXFileReference; lastKnownFileType = file.storyboard; name = Base; path = Base.lproj/LaunchScreen.storyboard; sourceTree = "<group>"; };
		E9B52B09262497E8009F5B72 /* Info.plist */ = {isa = PBXFileReference; lastKnownFileType = text.plist.xml; path = Info.plist; sourceTree = "<group>"; };
		E9B52B122624AC86009F5B72 /* LimitController.swift */ = {isa = PBXFileReference; lastKnownFileType = sourcecode.swift; path = LimitController.swift; sourceTree = "<group>"; };
		E9B52B1826273A67009F5B72 /* suisse_intl_bold_italic.otf */ = {isa = PBXFileReference; lastKnownFileType = file; path = suisse_intl_bold_italic.otf; sourceTree = "<group>"; };
		E9B52B1926273A68009F5B72 /* gt_america_mono_medium_italic.otf */ = {isa = PBXFileReference; lastKnownFileType = file; path = gt_america_mono_medium_italic.otf; sourceTree = "<group>"; };
		E9B52B1A26273A68009F5B72 /* shentox_thin_typeface.otf */ = {isa = PBXFileReference; lastKnownFileType = file; path = shentox_thin_typeface.otf; sourceTree = "<group>"; };
		E9B52B1B26273A68009F5B72 /* gt_america_mono_black_italic.otf */ = {isa = PBXFileReference; lastKnownFileType = file; path = gt_america_mono_black_italic.otf; sourceTree = "<group>"; };
		E9B52B1C26273A68009F5B72 /* gt_america_mono_ultra_light.otf */ = {isa = PBXFileReference; lastKnownFileType = file; path = gt_america_mono_ultra_light.otf; sourceTree = "<group>"; };
		E9B52B1D26273A68009F5B72 /* gt_america_mono_thin.otf */ = {isa = PBXFileReference; lastKnownFileType = file; path = gt_america_mono_thin.otf; sourceTree = "<group>"; };
		E9B52B1E26273A68009F5B72 /* gt_america_mono_black.otf */ = {isa = PBXFileReference; lastKnownFileType = file; path = gt_america_mono_black.otf; sourceTree = "<group>"; };
		E9B52B1F26273A68009F5B72 /* suisse_intl_book_italic.otf */ = {isa = PBXFileReference; lastKnownFileType = file; path = suisse_intl_book_italic.otf; sourceTree = "<group>"; };
		E9B52B2026273A68009F5B72 /* gt_america_mono_bold.otf */ = {isa = PBXFileReference; lastKnownFileType = file; path = gt_america_mono_bold.otf; sourceTree = "<group>"; };
		E9B52B2126273A68009F5B72 /* shentox_bold_typeface.otf */ = {isa = PBXFileReference; lastKnownFileType = file; path = shentox_bold_typeface.otf; sourceTree = "<group>"; };
		E9B52B2226273A68009F5B72 /* suisse_intl_ultra_light_italic.otf */ = {isa = PBXFileReference; lastKnownFileType = file; path = suisse_intl_ultra_light_italic.otf; sourceTree = "<group>"; };
		E9B52B2326273A68009F5B72 /* suisse_intl_black_italic.otf */ = {isa = PBXFileReference; lastKnownFileType = file; path = suisse_intl_black_italic.otf; sourceTree = "<group>"; };
		E9B52B2426273A68009F5B72 /* gt_america_mono_ultra_light_italic.otf */ = {isa = PBXFileReference; lastKnownFileType = file; path = gt_america_mono_ultra_light_italic.otf; sourceTree = "<group>"; };
		E9B52B2526273A68009F5B72 /* suisse_intl_regular_italic.otf */ = {isa = PBXFileReference; lastKnownFileType = file; path = suisse_intl_regular_italic.otf; sourceTree = "<group>"; };
		E9B52B2626273A68009F5B72 /* shentox_medium_typeface.otf */ = {isa = PBXFileReference; lastKnownFileType = file; path = shentox_medium_typeface.otf; sourceTree = "<group>"; };
		E9B52B2726273A68009F5B72 /* suisse_intl_light.otf */ = {isa = PBXFileReference; lastKnownFileType = file; path = suisse_intl_light.otf; sourceTree = "<group>"; };
		E9B52B2826273A68009F5B72 /* shentox_regular_italic_typeface.otf */ = {isa = PBXFileReference; lastKnownFileType = file; path = shentox_regular_italic_typeface.otf; sourceTree = "<group>"; };
		E9B52B2926273A68009F5B72 /* suisse_intl_thin_italic.otf */ = {isa = PBXFileReference; lastKnownFileType = file; path = suisse_intl_thin_italic.otf; sourceTree = "<group>"; };
		E9B52B2A26273A68009F5B72 /* shentox_ultra_light_italic_typeface.otf */ = {isa = PBXFileReference; lastKnownFileType = file; path = shentox_ultra_light_italic_typeface.otf; sourceTree = "<group>"; };
		E9B52B2B26273A68009F5B72 /* gt_america_mono_medium.ttf */ = {isa = PBXFileReference; lastKnownFileType = file; path = gt_america_mono_medium.ttf; sourceTree = "<group>"; };
		E9B52B2C26273A68009F5B72 /* shentox_regular_typeface.otf */ = {isa = PBXFileReference; lastKnownFileType = file; path = shentox_regular_typeface.otf; sourceTree = "<group>"; };
		E9B52B2D26273A68009F5B72 /* suisse_intl_medium.ttf */ = {isa = PBXFileReference; lastKnownFileType = file; path = suisse_intl_medium.ttf; sourceTree = "<group>"; };
		E9B52B2E26273A68009F5B72 /* suisse_intl_black.otf */ = {isa = PBXFileReference; lastKnownFileType = file; path = suisse_intl_black.otf; sourceTree = "<group>"; };
		E9B52B2F26273A68009F5B72 /* suisse_intl_thin.otf */ = {isa = PBXFileReference; lastKnownFileType = file; path = suisse_intl_thin.otf; sourceTree = "<group>"; };
		E9B52B3026273A68009F5B72 /* gt_america_mono_thin_italic.otf */ = {isa = PBXFileReference; lastKnownFileType = file; path = gt_america_mono_thin_italic.otf; sourceTree = "<group>"; };
		E9B52B3126273A68009F5B72 /* shentox_medium_italic_typeface.otf */ = {isa = PBXFileReference; lastKnownFileType = file; path = shentox_medium_italic_typeface.otf; sourceTree = "<group>"; };
		E9B52B3226273A68009F5B72 /* shentox_semi_bold_italic_typeface.otf */ = {isa = PBXFileReference; lastKnownFileType = file; path = shentox_semi_bold_italic_typeface.otf; sourceTree = "<group>"; };
		E9B52B3326273A68009F5B72 /* shentox_ultra_light_typeface.otf */ = {isa = PBXFileReference; lastKnownFileType = file; path = shentox_ultra_light_typeface.otf; sourceTree = "<group>"; };
		E9B52B3426273A68009F5B72 /* gt_america_mono_light_italic.otf */ = {isa = PBXFileReference; lastKnownFileType = file; path = gt_america_mono_light_italic.otf; sourceTree = "<group>"; };
		E9B52B3526273A68009F5B72 /* suisse_intl_book.otf */ = {isa = PBXFileReference; lastKnownFileType = file; path = suisse_intl_book.otf; sourceTree = "<group>"; };
		E9B52B3626273A68009F5B72 /* suisse_intl_semi_bold.otf */ = {isa = PBXFileReference; lastKnownFileType = file; path = suisse_intl_semi_bold.otf; sourceTree = "<group>"; };
		E9B52B3726273A68009F5B72 /* suisse_intl_bold.otf */ = {isa = PBXFileReference; lastKnownFileType = file; path = suisse_intl_bold.otf; sourceTree = "<group>"; };
		E9B52B3826273A68009F5B72 /* shentox_bold_italic_typeface.otf */ = {isa = PBXFileReference; lastKnownFileType = file; path = shentox_bold_italic_typeface.otf; sourceTree = "<group>"; };
		E9B52B3926273A68009F5B72 /* shentox_semi_bold_typeface.otf */ = {isa = PBXFileReference; lastKnownFileType = file; path = shentox_semi_bold_typeface.otf; sourceTree = "<group>"; };
		E9B52B3A26273A68009F5B72 /* shentox_light_italic_typeface.otf */ = {isa = PBXFileReference; lastKnownFileType = file; path = shentox_light_italic_typeface.otf; sourceTree = "<group>"; };
		E9B52B3B26273A68009F5B72 /* shentox_light_typeface.otf */ = {isa = PBXFileReference; lastKnownFileType = file; path = shentox_light_typeface.otf; sourceTree = "<group>"; };
		E9B52B3C26273A68009F5B72 /* suisse_intl_light_italic.otf */ = {isa = PBXFileReference; lastKnownFileType = file; path = suisse_intl_light_italic.otf; sourceTree = "<group>"; };
		E9B52B3D26273A68009F5B72 /* gt_america_mono_regular.otf */ = {isa = PBXFileReference; lastKnownFileType = file; path = gt_america_mono_regular.otf; sourceTree = "<group>"; };
		E9B52B3E26273A68009F5B72 /* suisse_intl_medium_italic.otf */ = {isa = PBXFileReference; lastKnownFileType = file; path = suisse_intl_medium_italic.otf; sourceTree = "<group>"; };
		E9B52B3F26273A68009F5B72 /* suisse_intl_semi_bold_italic.otf */ = {isa = PBXFileReference; lastKnownFileType = file; path = suisse_intl_semi_bold_italic.otf; sourceTree = "<group>"; };
		E9B52B4026273A68009F5B72 /* suisse_intl_regular.otf */ = {isa = PBXFileReference; lastKnownFileType = file; path = suisse_intl_regular.otf; sourceTree = "<group>"; };
		E9B52B4126273A68009F5B72 /* suisse_intl_ultra_light.otf */ = {isa = PBXFileReference; lastKnownFileType = file; path = suisse_intl_ultra_light.otf; sourceTree = "<group>"; };
		E9B52B4226273A68009F5B72 /* shentox_thin_italic_typeface.otf */ = {isa = PBXFileReference; lastKnownFileType = file; path = shentox_thin_italic_typeface.otf; sourceTree = "<group>"; };
		E9B52B4326273A68009F5B72 /* gt_america_mono_regular_italic.otf */ = {isa = PBXFileReference; lastKnownFileType = file; path = gt_america_mono_regular_italic.otf; sourceTree = "<group>"; };
		E9B52B4426273A68009F5B72 /* gt_america_mono_bold_italic.otf */ = {isa = PBXFileReference; lastKnownFileType = file; path = gt_america_mono_bold_italic.otf; sourceTree = "<group>"; };
		E9B52B4526273A68009F5B72 /* gt_america_mono_light.otf */ = {isa = PBXFileReference; lastKnownFileType = file; path = gt_america_mono_light.otf; sourceTree = "<group>"; };
		E9B52B75262891B1009F5B72 /* Extension+String.swift */ = {isa = PBXFileReference; lastKnownFileType = sourcecode.swift; path = "Extension+String.swift"; sourceTree = "<group>"; };
		E9B52B85262ADA1B009F5B72 /* DeclineTransactionView.swift */ = {isa = PBXFileReference; lastKnownFileType = sourcecode.swift; path = DeclineTransactionView.swift; sourceTree = "<group>"; };
/* End PBXFileReference section */

/* Begin PBXFrameworksBuildPhase section */
		E9B52AF5262497DD009F5B72 /* Frameworks */ = {
			isa = PBXFrameworksBuildPhase;
			buildActionMask = 2147483647;
			files = (
			);
			runOnlyForDeploymentPostprocessing = 0;
		};
/* End PBXFrameworksBuildPhase section */

/* Begin PBXGroup section */
		E9B52AEF262497DD009F5B72 = {
			isa = PBXGroup;
			children = (
				E9B52AFA262497DD009F5B72 /* Limit */,
				E9B52AF9262497DD009F5B72 /* Products */,
			);
			sourceTree = "<group>";
		};
		E9B52AF9262497DD009F5B72 /* Products */ = {
			isa = PBXGroup;
			children = (
				E9B52AF8262497DD009F5B72 /* Limit.app */,
			);
			name = Products;
			sourceTree = "<group>";
		};
		E9B52AFA262497DD009F5B72 /* Limit */ = {
			isa = PBXGroup;
			children = (
				E9B52B1726273A67009F5B72 /* font */,
				E9B52AFB262497DD009F5B72 /* AppDelegate.swift */,
				E9B52AFD262497DD009F5B72 /* SceneDelegate.swift */,
				E9B52B122624AC86009F5B72 /* LimitController.swift */,
				E9B52B85262ADA1B009F5B72 /* DeclineTransactionView.swift */,
				E9B52B75262891B1009F5B72 /* Extension+String.swift */,
				E9B52AFF262497DD009F5B72 /* ViewController.swift */,
				E9B52B04262497E8009F5B72 /* Assets.xcassets */,
				E9B52B06262497E8009F5B72 /* LaunchScreen.storyboard */,
				E9B52B09262497E8009F5B72 /* Info.plist */,
			);
			path = Limit;
			sourceTree = "<group>";
		};
		E9B52B1726273A67009F5B72 /* font */ = {
			isa = PBXGroup;
			children = (
				E9B52B1826273A67009F5B72 /* suisse_intl_bold_italic.otf */,
				E9B52B1926273A68009F5B72 /* gt_america_mono_medium_italic.otf */,
				E9B52B1A26273A68009F5B72 /* shentox_thin_typeface.otf */,
				E9B52B1B26273A68009F5B72 /* gt_america_mono_black_italic.otf */,
				E9B52B1C26273A68009F5B72 /* gt_america_mono_ultra_light.otf */,
				E9B52B1D26273A68009F5B72 /* gt_america_mono_thin.otf */,
				E9B52B1E26273A68009F5B72 /* gt_america_mono_black.otf */,
				E9B52B1F26273A68009F5B72 /* suisse_intl_book_italic.otf */,
				E9B52B2026273A68009F5B72 /* gt_america_mono_bold.otf */,
				E9B52B2126273A68009F5B72 /* shentox_bold_typeface.otf */,
				E9B52B2226273A68009F5B72 /* suisse_intl_ultra_light_italic.otf */,
				E9B52B2326273A68009F5B72 /* suisse_intl_black_italic.otf */,
				E9B52B2426273A68009F5B72 /* gt_america_mono_ultra_light_italic.otf */,
				E9B52B2526273A68009F5B72 /* suisse_intl_regular_italic.otf */,
				E9B52B2626273A68009F5B72 /* shentox_medium_typeface.otf */,
				E9B52B2726273A68009F5B72 /* suisse_intl_light.otf */,
				E9B52B2826273A68009F5B72 /* shentox_regular_italic_typeface.otf */,
				E9B52B2926273A68009F5B72 /* suisse_intl_thin_italic.otf */,
				E9B52B2A26273A68009F5B72 /* shentox_ultra_light_italic_typeface.otf */,
				E9B52B2B26273A68009F5B72 /* gt_america_mono_medium.ttf */,
				E9B52B2C26273A68009F5B72 /* shentox_regular_typeface.otf */,
				E9B52B2D26273A68009F5B72 /* suisse_intl_medium.ttf */,
				E9B52B2E26273A68009F5B72 /* suisse_intl_black.otf */,
				E9B52B2F26273A68009F5B72 /* suisse_intl_thin.otf */,
				E9B52B3026273A68009F5B72 /* gt_america_mono_thin_italic.otf */,
				E9B52B3126273A68009F5B72 /* shentox_medium_italic_typeface.otf */,
				E9B52B3226273A68009F5B72 /* shentox_semi_bold_italic_typeface.otf */,
				E9B52B3326273A68009F5B72 /* shentox_ultra_light_typeface.otf */,
				E9B52B3426273A68009F5B72 /* gt_america_mono_light_italic.otf */,
				E9B52B3526273A68009F5B72 /* suisse_intl_book.otf */,
				E9B52B3626273A68009F5B72 /* suisse_intl_semi_bold.otf */,
				E9B52B3726273A68009F5B72 /* suisse_intl_bold.otf */,
				E9B52B3826273A68009F5B72 /* shentox_bold_italic_typeface.otf */,
				E9B52B3926273A68009F5B72 /* shentox_semi_bold_typeface.otf */,
				E9B52B3A26273A68009F5B72 /* shentox_light_italic_typeface.otf */,
				E9B52B3B26273A68009F5B72 /* shentox_light_typeface.otf */,
				E9B52B3C26273A68009F5B72 /* suisse_intl_light_italic.otf */,
				E9B52B3D26273A68009F5B72 /* gt_america_mono_regular.otf */,
				E9B52B3E26273A68009F5B72 /* suisse_intl_medium_italic.otf */,
				E9B52B3F26273A68009F5B72 /* suisse_intl_semi_bold_italic.otf */,
				E9B52B4026273A68009F5B72 /* suisse_intl_regular.otf */,
				E9B52B4126273A68009F5B72 /* suisse_intl_ultra_light.otf */,
				E9B52B4226273A68009F5B72 /* shentox_thin_italic_typeface.otf */,
				E9B52B4326273A68009F5B72 /* gt_america_mono_regular_italic.otf */,
				E9B52B4426273A68009F5B72 /* gt_america_mono_bold_italic.otf */,
				E9B52B4526273A68009F5B72 /* gt_america_mono_light.otf */,
			);
			path = font;
			sourceTree = "<group>";
		};
/* End PBXGroup section */

/* Begin PBXNativeTarget section */
		E9B52AF7262497DD009F5B72 /* Limit */ = {
			isa = PBXNativeTarget;
			buildConfigurationList = E9B52B0C262497E8009F5B72 /* Build configuration list for PBXNativeTarget "Limit" */;
			buildPhases = (
				E9B52AF4262497DD009F5B72 /* Sources */,
				E9B52AF5262497DD009F5B72 /* Frameworks */,
				E9B52AF6262497DD009F5B72 /* Resources */,
			);
			buildRules = (
			);
			dependencies = (
			);
			name = Limit;
			productName = Limit;
			productReference = E9B52AF8262497DD009F5B72 /* Limit.app */;
			productType = "com.apple.product-type.application";
		};
/* End PBXNativeTarget section */

/* Begin PBXProject section */
		E9B52AF0262497DD009F5B72 /* Project object */ = {
			isa = PBXProject;
			attributes = {
				LastSwiftUpdateCheck = 1230;
				LastUpgradeCheck = 1230;
				TargetAttributes = {
					E9B52AF7262497DD009F5B72 = {
						CreatedOnToolsVersion = 12.3;
					};
				};
			};
			buildConfigurationList = E9B52AF3262497DD009F5B72 /* Build configuration list for PBXProject "Limit" */;
			compatibilityVersion = "Xcode 9.3";
			developmentRegion = en;
			hasScannedForEncodings = 0;
			knownRegions = (
				en,
				Base,
			);
			mainGroup = E9B52AEF262497DD009F5B72;
			productRefGroup = E9B52AF9262497DD009F5B72 /* Products */;
			projectDirPath = "";
			projectRoot = "";
			targets = (
				E9B52AF7262497DD009F5B72 /* Limit */,
			);
		};
/* End PBXProject section */

/* Begin PBXResourcesBuildPhase section */
		E9B52AF6262497DD009F5B72 /* Resources */ = {
			isa = PBXResourcesBuildPhase;
			buildActionMask = 2147483647;
			files = (
				E9B52B5026273A6A009F5B72 /* suisse_intl_ultra_light_italic.otf in Resources */,
				E9B52B4626273A69009F5B72 /* suisse_intl_bold_italic.otf in Resources */,
				E9B52B6C26273A6A009F5B72 /* suisse_intl_medium_italic.otf in Resources */,
				E9B52B5826273A6A009F5B72 /* shentox_ultra_light_italic_typeface.otf in Resources */,
				E9B52B7226273A6A009F5B72 /* gt_america_mono_bold_italic.otf in Resources */,
				E9B52B5426273A6A009F5B72 /* shentox_medium_typeface.otf in Resources */,
				E9B52B6126273A6A009F5B72 /* shentox_ultra_light_typeface.otf in Resources */,
				E9B52B6D26273A6A009F5B72 /* suisse_intl_semi_bold_italic.otf in Resources */,
				E9B52B5A26273A6A009F5B72 /* shentox_regular_typeface.otf in Resources */,
				E9B52B5126273A6A009F5B72 /* suisse_intl_black_italic.otf in Resources */,
				E9B52B6726273A6A009F5B72 /* shentox_semi_bold_typeface.otf in Resources */,
				E9B52B6326273A6A009F5B72 /* suisse_intl_book.otf in Resources */,
				E9B52B4F26273A6A009F5B72 /* shentox_bold_typeface.otf in Resources */,
				E9B52B6526273A6A009F5B72 /* suisse_intl_bold.otf in Resources */,
				E9B52B4C26273A6A009F5B72 /* gt_america_mono_black.otf in Resources */,
				E9B52B08262497E8009F5B72 /* LaunchScreen.storyboard in Resources */,
				E9B52B6A26273A6A009F5B72 /* suisse_intl_light_italic.otf in Resources */,
				E9B52B4D26273A6A009F5B72 /* suisse_intl_book_italic.otf in Resources */,
				E9B52B5626273A6A009F5B72 /* shentox_regular_italic_typeface.otf in Resources */,
				E9B52B6626273A6A009F5B72 /* shentox_bold_italic_typeface.otf in Resources */,
				E9B52B4926273A6A009F5B72 /* gt_america_mono_black_italic.otf in Resources */,
				E9B52B5E26273A6A009F5B72 /* gt_america_mono_thin_italic.otf in Resources */,
				E9B52B5526273A6A009F5B72 /* suisse_intl_light.otf in Resources */,
				E9B52B6E26273A6A009F5B72 /* suisse_intl_regular.otf in Resources */,
				E9B52B6026273A6A009F5B72 /* shentox_semi_bold_italic_typeface.otf in Resources */,
				E9B52B4826273A6A009F5B72 /* shentox_thin_typeface.otf in Resources */,
				E9B52B05262497E8009F5B72 /* Assets.xcassets in Resources */,
				E9B52B6F26273A6A009F5B72 /* suisse_intl_ultra_light.otf in Resources */,
				E9B52B4B26273A6A009F5B72 /* gt_america_mono_thin.otf in Resources */,
				E9B52B5C26273A6A009F5B72 /* suisse_intl_black.otf in Resources */,
				E9B52B4A26273A6A009F5B72 /* gt_america_mono_ultra_light.otf in Resources */,
				E9B52B6826273A6A009F5B72 /* shentox_light_italic_typeface.otf in Resources */,
				E9B52B5726273A6A009F5B72 /* suisse_intl_thin_italic.otf in Resources */,
				E9B52B5D26273A6A009F5B72 /* suisse_intl_thin.otf in Resources */,
				E9B52B5226273A6A009F5B72 /* gt_america_mono_ultra_light_italic.otf in Resources */,
				E9B52B5926273A6A009F5B72 /* gt_america_mono_medium.ttf in Resources */,
				E9B52B5B26273A6A009F5B72 /* suisse_intl_medium.ttf in Resources */,
				E9B52B6226273A6A009F5B72 /* gt_america_mono_light_italic.otf in Resources */,
				E9B52B7126273A6A009F5B72 /* gt_america_mono_regular_italic.otf in Resources */,
				E9B52B7026273A6A009F5B72 /* shentox_thin_italic_typeface.otf in Resources */,
				E9B52B5326273A6A009F5B72 /* suisse_intl_regular_italic.otf in Resources */,
				E9B52B4E26273A6A009F5B72 /* gt_america_mono_bold.otf in Resources */,
				E9B52B6426273A6A009F5B72 /* suisse_intl_semi_bold.otf in Resources */,
				E9B52B7326273A6A009F5B72 /* gt_america_mono_light.otf in Resources */,
				E9B52B6926273A6A009F5B72 /* shentox_light_typeface.otf in Resources */,
				E9B52B4726273A6A009F5B72 /* gt_america_mono_medium_italic.otf in Resources */,
				E9B52B5F26273A6A009F5B72 /* shentox_medium_italic_typeface.otf in Resources */,
				E9B52B6B26273A6A009F5B72 /* gt_america_mono_regular.otf in Resources */,
			);
			runOnlyForDeploymentPostprocessing = 0;
		};
/* End PBXResourcesBuildPhase section */

/* Begin PBXSourcesBuildPhase section */
		E9B52AF4262497DD009F5B72 /* Sources */ = {
			isa = PBXSourcesBuildPhase;
			buildActionMask = 2147483647;
			files = (
				E9B52B86262ADA1C009F5B72 /* DeclineTransactionView.swift in Sources */,
				E9B52B76262891B3009F5B72 /* Extension+String.swift in Sources */,
				E9B52B00262497DD009F5B72 /* ViewController.swift in Sources */,
				E9B52AFC262497DD009F5B72 /* AppDelegate.swift in Sources */,
				E9B52AFE262497DD009F5B72 /* SceneDelegate.swift in Sources */,
				E9B52B132624AC86009F5B72 /* LimitController.swift in Sources */,
			);
			runOnlyForDeploymentPostprocessing = 0;
		};
/* End PBXSourcesBuildPhase section */

/* Begin PBXVariantGroup section */
		E9B52B06262497E8009F5B72 /* LaunchScreen.storyboard */ = {
			isa = PBXVariantGroup;
			children = (
				E9B52B07262497E8009F5B72 /* Base */,
			);
			name = LaunchScreen.storyboard;
			sourceTree = "<group>";
		};
/* End PBXVariantGroup section */

/* Begin XCBuildConfiguration section */
		E9B52B0A262497E8009F5B72 /* Debug */ = {
			isa = XCBuildConfiguration;
			buildSettings = {
				ALWAYS_SEARCH_USER_PATHS = NO;
				CLANG_ANALYZER_NONNULL = YES;
				CLANG_ANALYZER_NUMBER_OBJECT_CONVERSION = YES_AGGRESSIVE;
				CLANG_CXX_LANGUAGE_STANDARD = "gnu++14";
				CLANG_CXX_LIBRARY = "libc++";
				CLANG_ENABLE_MODULES = YES;
				CLANG_ENABLE_OBJC_ARC = YES;
				CLANG_ENABLE_OBJC_WEAK = YES;
				CLANG_WARN_BLOCK_CAPTURE_AUTORELEASING = YES;
				CLANG_WARN_BOOL_CONVERSION = YES;
				CLANG_WARN_COMMA = YES;
				CLANG_WARN_CONSTANT_CONVERSION = YES;
				CLANG_WARN_DEPRECATED_OBJC_IMPLEMENTATIONS = YES;
				CLANG_WARN_DIRECT_OBJC_ISA_USAGE = YES_ERROR;
				CLANG_WARN_DOCUMENTATION_COMMENTS = YES;
				CLANG_WARN_EMPTY_BODY = YES;
				CLANG_WARN_ENUM_CONVERSION = YES;
				CLANG_WARN_INFINITE_RECURSION = YES;
				CLANG_WARN_INT_CONVERSION = YES;
				CLANG_WARN_NON_LITERAL_NULL_CONVERSION = YES;
				CLANG_WARN_OBJC_IMPLICIT_RETAIN_SELF = YES;
				CLANG_WARN_OBJC_LITERAL_CONVERSION = YES;
				CLANG_WARN_OBJC_ROOT_CLASS = YES_ERROR;
				CLANG_WARN_QUOTED_INCLUDE_IN_FRAMEWORK_HEADER = YES;
				CLANG_WARN_RANGE_LOOP_ANALYSIS = YES;
				CLANG_WARN_STRICT_PROTOTYPES = YES;
				CLANG_WARN_SUSPICIOUS_MOVE = YES;
				CLANG_WARN_UNGUARDED_AVAILABILITY = YES_AGGRESSIVE;
				CLANG_WARN_UNREACHABLE_CODE = YES;
				CLANG_WARN__DUPLICATE_METHOD_MATCH = YES;
				COPY_PHASE_STRIP = NO;
				DEBUG_INFORMATION_FORMAT = dwarf;
				ENABLE_STRICT_OBJC_MSGSEND = YES;
				ENABLE_TESTABILITY = YES;
				GCC_C_LANGUAGE_STANDARD = gnu11;
				GCC_DYNAMIC_NO_PIC = NO;
				GCC_NO_COMMON_BLOCKS = YES;
				GCC_OPTIMIZATION_LEVEL = 0;
				GCC_PREPROCESSOR_DEFINITIONS = (
					"DEBUG=1",
					"$(inherited)",
				);
				GCC_WARN_64_TO_32_BIT_CONVERSION = YES;
				GCC_WARN_ABOUT_RETURN_TYPE = YES_ERROR;
				GCC_WARN_UNDECLARED_SELECTOR = YES;
				GCC_WARN_UNINITIALIZED_AUTOS = YES_AGGRESSIVE;
				GCC_WARN_UNUSED_FUNCTION = YES;
				GCC_WARN_UNUSED_VARIABLE = YES;
				IPHONEOS_DEPLOYMENT_TARGET = 14.3;
				MTL_ENABLE_DEBUG_INFO = INCLUDE_SOURCE;
				MTL_FAST_MATH = YES;
				ONLY_ACTIVE_ARCH = YES;
				SDKROOT = iphoneos;
				SWIFT_ACTIVE_COMPILATION_CONDITIONS = DEBUG;
				SWIFT_OPTIMIZATION_LEVEL = "-Onone";
			};
			name = Debug;
		};
		E9B52B0B262497E8009F5B72 /* Release */ = {
			isa = XCBuildConfiguration;
			buildSettings = {
				ALWAYS_SEARCH_USER_PATHS = NO;
				CLANG_ANALYZER_NONNULL = YES;
				CLANG_ANALYZER_NUMBER_OBJECT_CONVERSION = YES_AGGRESSIVE;
				CLANG_CXX_LANGUAGE_STANDARD = "gnu++14";
				CLANG_CXX_LIBRARY = "libc++";
				CLANG_ENABLE_MODULES = YES;
				CLANG_ENABLE_OBJC_ARC = YES;
				CLANG_ENABLE_OBJC_WEAK = YES;
				CLANG_WARN_BLOCK_CAPTURE_AUTORELEASING = YES;
				CLANG_WARN_BOOL_CONVERSION = YES;
				CLANG_WARN_COMMA = YES;
				CLANG_WARN_CONSTANT_CONVERSION = YES;
				CLANG_WARN_DEPRECATED_OBJC_IMPLEMENTATIONS = YES;
				CLANG_WARN_DIRECT_OBJC_ISA_USAGE = YES_ERROR;
				CLANG_WARN_DOCUMENTATION_COMMENTS = YES;
				CLANG_WARN_EMPTY_BODY = YES;
				CLANG_WARN_ENUM_CONVERSION = YES;
				CLANG_WARN_INFINITE_RECURSION = YES;
				CLANG_WARN_INT_CONVERSION = YES;
				CLANG_WARN_NON_LITERAL_NULL_CONVERSION = YES;
				CLANG_WARN_OBJC_IMPLICIT_RETAIN_SELF = YES;
				CLANG_WARN_OBJC_LITERAL_CONVERSION = YES;
				CLANG_WARN_OBJC_ROOT_CLASS = YES_ERROR;
				CLANG_WARN_QUOTED_INCLUDE_IN_FRAMEWORK_HEADER = YES;
				CLANG_WARN_RANGE_LOOP_ANALYSIS = YES;
				CLANG_WARN_STRICT_PROTOTYPES = YES;
				CLANG_WARN_SUSPICIOUS_MOVE = YES;
				CLANG_WARN_UNGUARDED_AVAILABILITY = YES_AGGRESSIVE;
				CLANG_WARN_UNREACHABLE_CODE = YES;
				CLANG_WARN__DUPLICATE_METHOD_MATCH = YES;
				COPY_PHASE_STRIP = NO;
				DEBUG_INFORMATION_FORMAT = "dwarf-with-dsym";
				ENABLE_NS_ASSERTIONS = NO;
				ENABLE_STRICT_OBJC_MSGSEND = YES;
				GCC_C_LANGUAGE_STANDARD = gnu11;
				GCC_NO_COMMON_BLOCKS = YES;
				GCC_WARN_64_TO_32_BIT_CONVERSION = YES;
				GCC_WARN_ABOUT_RETURN_TYPE = YES_ERROR;
				GCC_WARN_UNDECLARED_SELECTOR = YES;
				GCC_WARN_UNINITIALIZED_AUTOS = YES_AGGRESSIVE;
				GCC_WARN_UNUSED_FUNCTION = YES;
				GCC_WARN_UNUSED_VARIABLE = YES;
				IPHONEOS_DEPLOYMENT_TARGET = 14.3;
				MTL_ENABLE_DEBUG_INFO = NO;
				MTL_FAST_MATH = YES;
				SDKROOT = iphoneos;
				SWIFT_COMPILATION_MODE = wholemodule;
				SWIFT_OPTIMIZATION_LEVEL = "-O";
				VALIDATE_PRODUCT = YES;
			};
			name = Release;
		};
		E9B52B0D262497E8009F5B72 /* Debug */ = {
			isa = XCBuildConfiguration;
			buildSettings = {
				ASSETCATALOG_COMPILER_APPICON_NAME = AppIcon;
				ASSETCATALOG_COMPILER_GLOBAL_ACCENT_COLOR_NAME = AccentColor;
				CODE_SIGN_STYLE = Automatic;
				DEVELOPMENT_TEAM = 8GJUGP3GHS;
				INFOPLIST_FILE = Limit/Info.plist;
				LD_RUNPATH_SEARCH_PATHS = (
					"$(inherited)",
					"@executable_path/Frameworks",
				);
				PRODUCT_BUNDLE_IDENTIFIER = pavel.Limit;
				PRODUCT_NAME = "$(TARGET_NAME)";
				SWIFT_VERSION = 5.0;
				TARGETED_DEVICE_FAMILY = "1,2";
			};
			name = Debug;
		};
		E9B52B0E262497E8009F5B72 /* Release */ = {
			isa = XCBuildConfiguration;
			buildSettings = {
				ASSETCATALOG_COMPILER_APPICON_NAME = AppIcon;
				ASSETCATALOG_COMPILER_GLOBAL_ACCENT_COLOR_NAME = AccentColor;
				CODE_SIGN_STYLE = Automatic;
				DEVELOPMENT_TEAM = 8GJUGP3GHS;
				INFOPLIST_FILE = Limit/Info.plist;
				LD_RUNPATH_SEARCH_PATHS = (
					"$(inherited)",
					"@executable_path/Frameworks",
				);
				PRODUCT_BUNDLE_IDENTIFIER = pavel.Limit;
				PRODUCT_NAME = "$(TARGET_NAME)";
				SWIFT_VERSION = 5.0;
				TARGETED_DEVICE_FAMILY = "1,2";
			};
			name = Release;
		};
/* End XCBuildConfiguration section */

/* Begin XCConfigurationList section */
		E9B52AF3262497DD009F5B72 /* Build configuration list for PBXProject "Limit" */ = {
			isa = XCConfigurationList;
			buildConfigurations = (
				E9B52B0A262497E8009F5B72 /* Debug */,
				E9B52B0B262497E8009F5B72 /* Release */,
			);
			defaultConfigurationIsVisible = 0;
			defaultConfigurationName = Release;
		};
		E9B52B0C262497E8009F5B72 /* Build configuration list for PBXNativeTarget "Limit" */ = {
			isa = XCConfigurationList;
			buildConfigurations = (
				E9B52B0D262497E8009F5B72 /* Debug */,
				E9B52B0E262497E8009F5B72 /* Release */,
			);
			defaultConfigurationIsVisible = 0;
			defaultConfigurationName = Release;
		};
/* End XCConfigurationList section */
	};
	rootObject = E9B52AF0262497DD009F5B72 /* Project object */;
}
